
Microsoft Visual Studio Solution File, Format Version 12.00
# Visual Studio Version 16
VisualStudioVersion = 16.0.31410.357
MinimumVisualStudioVersion = 10.0.40219.1
Project("{8BC9CEB8-8B4A-11D0-8D11-00A0C91BC942}") = "Mouse", "Mouse.vcxproj", "{CEB019C3-140C-4099-9AC7-6861DB0F7C65}"
EndProject
Global
	GlobalSection(SolutionConfigurationPlatforms) = preSolution
		Debug|x64 = Debug|x64
		Debug|x86 = Debug|x86
		Release|x64 = Release|x64
		Release|x86 = Release|x86
	EndGlobalSection
	GlobalSection(ProjectConfigurationPlatforms) = postSolution
		{CEB019C3-140C-4099-9AC7-6861DB0F7C65}.Debug|x64.ActiveCfg = Debug|x64
		{CEB019C3-140C-4099-9AC7-6861DB0F7C65}.Debug|x64.Build.0 = Debug|x64
		{CEB019C3-140C-4099-9AC7-6861DB0F7C65}.Debug|x86.ActiveCfg = Debug|Win32
		{CEB019C3-140C-4099-9AC7-6861DB0F7C65}.Debug|x86.Build.0 = Debug|Win32
		{CEB019C3-140C-4099-9AC7-6861DB0F7C65}.Release|x64.ActiveCfg = Release|x64
		{CEB019C3-140C-4099-9AC7-6861DB0F7C65}.Release|x64.Build.0 = Release|x64
		{CEB019C3-140C-4099-9AC7-6861DB0F7C65}.Release|x86.ActiveCfg = Release|Win32
		{CEB019C3-140C-4099-9AC7-6861DB0F7C65}.Release|x86.Build.0 = Release|Win32
	EndGlobalSection
	GlobalSection(SolutionProperties) = preSolution
		HideSolutionNode = FALSE
	EndGlobalSection
	GlobalSection(ExtensibilityGlobals) = postSolution
		SolutionGuid = {05E3F251-5147-4DD6-87EF-DD78A87A9F49}
	EndGlobalSection
EndGlobal
