
Microsoft Visual Studio Solution File, Format Version 12.00
# Visual Studio Version 16
VisualStudioVersion = 16.0.31410.357
MinimumVisualStudioVersion = 10.0.40219.1
Project("{8BC9CEB8-8B4A-11D0-8D11-00A0C91BC942}") = "GameCheck", "GameCheck.vcxproj", "{BD2D7746-9CAF-40EE-8620-E054156C6C9F}"
EndProject
Global
	GlobalSection(SolutionConfigurationPlatforms) = preSolution
		Debug|x64 = Debug|x64
		Debug|x86 = Debug|x86
		Release|x64 = Release|x64
		Release|x86 = Release|x86
	EndGlobalSection
	GlobalSection(ProjectConfigurationPlatforms) = postSolution
		{BD2D7746-9CAF-40EE-8620-E054156C6C9F}.Debug|x64.ActiveCfg = Debug|x64
		{BD2D7746-9CAF-40EE-8620-E054156C6C9F}.Debug|x64.Build.0 = Debug|x64
		{BD2D7746-9CAF-40EE-8620-E054156C6C9F}.Debug|x86.ActiveCfg = Debug|Win32
		{BD2D7746-9CAF-40EE-8620-E054156C6C9F}.Debug|x86.Build.0 = Debug|Win32
		{BD2D7746-9CAF-40EE-8620-E054156C6C9F}.Release|x64.ActiveCfg = Release|x64
		{BD2D7746-9CAF-40EE-8620-E054156C6C9F}.Release|x64.Build.0 = Release|x64
		{BD2D7746-9CAF-40EE-8620-E054156C6C9F}.Release|x86.ActiveCfg = Release|Win32
		{BD2D7746-9CAF-40EE-8620-E054156C6C9F}.Release|x86.Build.0 = Release|Win32
	EndGlobalSection
	GlobalSection(SolutionProperties) = preSolution
		HideSolutionNode = FALSE
	EndGlobalSection
	GlobalSection(ExtensibilityGlobals) = postSolution
		SolutionGuid = {FA1D5266-F7A6-46D3-9988-F548070F88DB}
	EndGlobalSection
EndGlobal
